
Microsoft Visual Studio Solution File, Format Version 12.00
# Visual Studio Version 16
VisualStudioVersion = 16.0.33328.57
MinimumVisualStudioVersion = 10.0.40219.1
Project("{FAE04EC0-301F-11D3-BF4B-00C04F79EFBC}") = "Module15", "Module15\Module15.csproj", "{C90317F0-9C44-4026-A00F-8C095C4417AD}"
EndProject
Global
	GlobalSection(SolutionConfigurationPlatforms) = preSolution
		Debug|Any CPU = Debug|Any CPU
		Release|Any CPU = Release|Any CPU
	EndGlobalSection
	GlobalSection(ProjectConfigurationPlatforms) = postSolution
		{C90317F0-9C44-4026-A00F-8C095C4417AD}.Debug|Any CPU.ActiveCfg = Debug|Any CPU
		{C90317F0-9C44-4026-A00F-8C095C4417AD}.Debug|Any CPU.Build.0 = Debug|Any CPU
		{C90317F0-9C44-4026-A00F-8C095C4417AD}.Release|Any CPU.ActiveCfg = Release|Any CPU
		{C90317F0-9C44-4026-A00F-8C095C4417AD}.Release|Any CPU.Build.0 = Release|Any CPU
	EndGlobalSection
	GlobalSection(SolutionProperties) = preSolution
		HideSolutionNode = FALSE
	EndGlobalSection
	GlobalSection(ExtensibilityGlobals) = postSolution
		SolutionGuid = {24903C6B-BB09-4DBD-ACBB-5612490D23DC}
	EndGlobalSection
EndGlobal
